// !$*UTF8*$!
{
	archiveVersion = 1;
	classes = {
	};
	objectVersion = 46;
	objects = {

/* Begin PBXBuildFile section */
		1EA77F531ADF54B400C8099D /* main.m in Sources */ = {isa = PBXBuildFile; fileRef = 1EA77F521ADF54B400C8099D /* main.m */; };
		1EA77F561ADF54B400C8099D /* AppDelegate.m in Sources */ = {isa = PBXBuildFile; fileRef = 1EA77F551ADF54B400C8099D /* AppDelegate.m */; };
		1EA77F591ADF54B400C8099D /* FirstViewController.m in Sources */ = {isa = PBXBuildFile; fileRef = 1EA77F581ADF54B400C8099D /* FirstViewController.m */; };
		1EA77F5C1ADF54B400C8099D /* SecondViewController.m in Sources */ = {isa = PBXBuildFile; fileRef = 1EA77F5B1ADF54B400C8099D /* SecondViewController.m */; };
		1EA77F5F1ADF54B400C8099D /* Main.storyboard in Resources */ = {isa = PBXBuildFile; fileRef = 1EA77F5D1ADF54B400C8099D /* Main.storyboard */; };
		1EA77F611ADF54B400C8099D /* Images.xcassets in Resources */ = {isa = PBXBuildFile; fileRef = 1EA77F601ADF54B400C8099D /* Images.xcassets */; };
		1EA77F641ADF54B400C8099D /* LaunchScreen.xib in Resources */ = {isa = PBXBuildFile; fileRef = 1EA77F621ADF54B400C8099D /* LaunchScreen.xib */; };
		1EA77F701ADF54B500C8099D /* TAbbarTests.m in Sources */ = {isa = PBXBuildFile; fileRef = 1EA77F6F1ADF54B500C8099D /* TAbbarTests.m */; };
/* End PBXBuildFile section */

/* Begin PBXContainerItemProxy section */
		1EA77F6A1ADF54B500C8099D /* PBXContainerItemProxy */ = {
			isa = PBXContainerItemProxy;
			containerPortal = 1EA77F451ADF54B400C8099D /* Project object */;
			proxyType = 1;
			remoteGlobalIDString = 1EA77F4C1ADF54B400C8099D;
			remoteInfo = TAbbar;
		};
/* End PBXContainerItemProxy section */

/* Begin PBXFileReference section */
		1EA77F4D1ADF54B400C8099D /* TAbbar.app */ = {isa = PBXFileReference; explicitFileType = wrapper.application; includeInIndex = 0; path = TAbbar.app; sourceTree = BUILT_PRODUCTS_DIR; };
		1EA77F511ADF54B400C8099D /* Info.plist */ = {isa = PBXFileReference; lastKnownFileType = text.plist.xml; path = Info.plist; sourceTree = "<group>"; };
		1EA77F521ADF54B400C8099D /* main.m */ = {isa = PBXFileReference; lastKnownFileType = sourcecode.c.objc; path = main.m; sourceTree = "<group>"; };
		1EA77F541ADF54B400C8099D /* AppDelegate.h */ = {isa = PBXFileReference; lastKnownFileType = sourcecode.c.h; path = AppDelegate.h; sourceTree = "<group>"; };
		1EA77F551ADF54B400C8099D /* AppDelegate.m */ = {isa = PBXFileReference; lastKnownFileType = sourcecode.c.objc; path = AppDelegate.m; sourceTree = "<group>"; };
		1EA77F571ADF54B400C8099D /* FirstViewController.h */ = {isa = PBXFileReference; lastKnownFileType = sourcecode.c.h; path = FirstViewController.h; sourceTree = "<group>"; };
		1EA77F581ADF54B400C8099D /* FirstViewController.m */ = {isa = PBXFileReference; lastKnownFileType = sourcecode.c.objc; path = FirstViewController.m; sourceTree = "<group>"; };
		1EA77F5A1ADF54B400C8099D /* SecondViewController.h */ = {isa = PBXFileReference; lastKnownFileType = sourcecode.c.h; path = SecondViewController.h; sourceTree = "<group>"; };
		1EA77F5B1ADF54B400C8099D /* SecondViewController.m */ = {isa = PBXFileReference; lastKnownFileType = sourcecode.c.objc; path = SecondViewController.m; sourceTree = "<group>"; };
		1EA77F5E1ADF54B400C8099D /* Base */ = {isa = PBXFileReference; lastKnownFileType = file.storyboard; name = Base; path = Base.lproj/Main.storyboard; sourceTree = "<group>"; };
		1EA77F601ADF54B400C8099D /* Images.xcassets */ = {isa = PBXFileReference; lastKnownFileType = folder.assetcatalog; path = Images.xcassets; sourceTree = "<group>"; };
		1EA77F631ADF54B400C8099D /* Base */ = {isa = PBXFileReference; lastKnownFileType = file.xib; name = Base; path = Base.lproj/LaunchScreen.xib; sourceTree = "<group>"; };
		1EA77F691ADF54B500C8099D /* TAbbarTests.xctest */ = {isa = PBXFileReference; explicitFileType = wrapper.cfbundle; includeInIndex = 0; path = TAbbarTests.xctest; sourceTree = BUILT_PRODUCTS_DIR; };
		1EA77F6E1ADF54B500C8099D /* Info.plist */ = {isa = PBXFileReference; lastKnownFileType = text.plist.xml; path = Info.plist; sourceTree = "<group>"; };
		1EA77F6F1ADF54B500C8099D /* TAbbarTests.m */ = {isa = PBXFileReference; lastKnownFileType = sourcecode.c.objc; path = TAbbarTests.m; sourceTree = "<group>"; };
/* End PBXFileReference section */

/* Begin PBXFrameworksBuildPhase section */
		1EA77F4A1ADF54B400C8099D /* Frameworks */ = {
			isa = PBXFrameworksBuildPhase;
			buildActionMask = 2147483647;
			files = (
			);
			runOnlyForDeploymentPostprocessing = 0;
		};
		1EA77F661ADF54B500C8099D /* Frameworks */ = {
			isa = PBXFrameworksBuildPhase;
			buildActionMask = 2147483647;
			files = (
			);
			runOnlyForDeploymentPostprocessing = 0;
		};
/* End PBXFrameworksBuildPhase section */

/* Begin PBXGroup section */
		1EA77F441ADF54B400C8099D = {
			isa = PBXGroup;
			children = (
				1EA77F4F1ADF54B400C8099D /* TAbbar */,
				1EA77F6C1ADF54B500C8099D /* TAbbarTests */,
				1EA77F4E1ADF54B400C8099D /* Products */,
			);
			sourceTree = "<group>";
		};
		1EA77F4E1ADF54B400C8099D /* Products */ = {
			isa = PBXGroup;
			children = (
				1EA77F4D1ADF54B400C8099D /* TAbbar.app */,
				1EA77F691ADF54B500C8099D /* TAbbarTests.xctest */,
			);
			name = Products;
			sourceTree = "<group>";
		};
		1EA77F4F1ADF54B400C8099D /* TAbbar */ = {
			isa = PBXGroup;
			children = (
				1EA77F541ADF54B400C8099D /* AppDelegate.h */,
				1EA77F551ADF54B400C8099D /* AppDelegate.m */,
				1EA77F571ADF54B400C8099D /* FirstViewController.h */,
				1EA77F581ADF54B400C8099D /* FirstViewController.m */,
				1EA77F5A1ADF54B400C8099D /* SecondViewController.h */,
				1EA77F5B1ADF54B400C8099D /* SecondViewController.m */,
				1EA77F5D1ADF54B400C8099D /* Main.storyboard */,
				1EA77F601ADF54B400C8099D /* Images.xcassets */,
				1EA77F621ADF54B400C8099D /* LaunchScreen.xib */,
				1EA77F501ADF54B400C8099D /* Supporting Files */,
			);
			path = TAbbar;
			sourceTree = "<group>";
		};
		1EA77F501ADF54B400C8099D /* Supporting Files */ = {
			isa = PBXGroup;
			children = (
				1EA77F511ADF54B400C8099D /* Info.plist */,
				1EA77F521ADF54B400C8099D /* main.m */,
			);
			name = "Supporting Files";
			sourceTree = "<group>";
		};
		1EA77F6C1ADF54B500C8099D /* TAbbarTests */ = {
			isa = PBXGroup;
			children = (
				1EA77F6F1ADF54B500C8099D /* TAbbarTests.m */,
				1EA77F6D1ADF54B500C8099D /* Supporting Files */,
			);
			path = TAbbarTests;
			sourceTree = "<group>";
		};
		1EA77F6D1ADF54B500C8099D /* Supporting Files */ = {
			isa = PBXGroup;
			children = (
				1EA77F6E1ADF54B500C8099D /* Info.plist */,
			);
			name = "Supporting Files";
			sourceTree = "<group>";
		};
/* End PBXGroup section */

/* Begin PBXNativeTarget section */
		1EA77F4C1ADF54B400C8099D /* TAbbar */ = {
			isa = PBXNativeTarget;
			buildConfigurationList = 1EA77F731ADF54B500C8099D /* Build configuration list for PBXNativeTarget "TAbbar" */;
			buildPhases = (
				1EA77F491ADF54B400C8099D /* Sources */,
				1EA77F4A1ADF54B400C8099D /* Frameworks */,
				1EA77F4B1ADF54B400C8099D /* Resources */,
			);
			buildRules = (
			);
			dependencies = (
			);
			name = TAbbar;
			productName = TAbbar;
			productReference = 1EA77F4D1ADF54B400C8099D /* TAbbar.app */;
			productType = "com.apple.product-type.application";
		};
		1EA77F681ADF54B500C8099D /* TAbbarTests */ = {
			isa = PBXNativeTarget;
			buildConfigurationList = 1EA77F761ADF54B500C8099D /* Build configuration list for PBXNativeTarget "TAbbarTests" */;
			buildPhases = (
				1EA77F651ADF54B500C8099D /* Sources */,
				1EA77F661ADF54B500C8099D /* Frameworks */,
				1EA77F671ADF54B500C8099D /* Resources */,
			);
			buildRules = (
			);
			dependencies = (
				1EA77F6B1ADF54B500C8099D /* PBXTargetDependency */,
			);
			name = TAbbarTests;
			productName = TAbbarTests;
			productReference = 1EA77F691ADF54B500C8099D /* TAbbarTests.xctest */;
			productType = "com.apple.product-type.bundle.unit-test";
		};
/* End PBXNativeTarget section */

/* Begin PBXProject section */
		1EA77F451ADF54B400C8099D /* Project object */ = {
			isa = PBXProject;
			attributes = {
				LastUpgradeCheck = 0610;
				ORGANIZATIONNAME = annutech;
				TargetAttributes = {
					1EA77F4C1ADF54B400C8099D = {
						CreatedOnToolsVersion = 6.1;
					};
					1EA77F681ADF54B500C8099D = {
						CreatedOnToolsVersion = 6.1;
						TestTargetID = 1EA77F4C1ADF54B400C8099D;
					};
				};
			};
			buildConfigurationList = 1EA77F481ADF54B400C8099D /* Build configuration list for PBXProject "TAbbar" */;
			compatibilityVersion = "Xcode 3.2";
			developmentRegion = English;
			hasScannedForEncodings = 0;
			knownRegions = (
				en,
				Base,
			);
			mainGroup = 1EA77F441ADF54B400C8099D;
			productRefGroup = 1EA77F4E1ADF54B400C8099D /* Products */;
			projectDirPath = "";
			projectRoot = "";
			targets = (
				1EA77F4C1ADF54B400C8099D /* TAbbar */,
				1EA77F681ADF54B500C8099D /* TAbbarTests */,
			);
		};
/* End PBXProject section */

/* Begin PBXResourcesBuildPhase section */
		1EA77F4B1ADF54B400C8099D /* Resources */ = {
			isa = PBXResourcesBuildPhase;
			buildActionMask = 2147483647;
			files = (
				1EA77F5F1ADF54B400C8099D /* Main.storyboard in Resources */,
				1EA77F641ADF54B400C8099D /* LaunchScreen.xib in Resources */,
				1EA77F611ADF54B400C8099D /* Images.xcassets in Resources */,
			);
			runOnlyForDeploymentPostprocessing = 0;
		};
		1EA77F671ADF54B500C8099D /* Resources */ = {
			isa = PBXResourcesBuildPhase;
			buildActionMask = 2147483647;
			files = (
			);
			runOnlyForDeploymentPostprocessing = 0;
		};
/* End PBXResourcesBuildPhase section */

/* Begin PBXSourcesBuildPhase section */
		1EA77F491ADF54B400C8099D /* Sources */ = {
			isa = PBXSourcesBuildPhase;
			buildActionMask = 2147483647;
			files = (
				1EA77F5C1ADF54B400C8099D /* SecondViewController.m in Sources */,
				1EA77F561ADF54B400C8099D /* AppDelegate.m in Sources */,
				1EA77F591ADF54B400C8099D /* FirstViewController.m in Sources */,
				1EA77F531ADF54B400C8099D /* main.m in Sources */,
			);
			runOnlyForDeploymentPostprocessing = 0;
		};
		1EA77F651ADF54B500C8099D /* Sources */ = {
			isa = PBXSourcesBuildPhase;
			buildActionMask = 2147483647;
			files = (
				1EA77F701ADF54B500C8099D /* TAbbarTests.m in Sources */,
			);
			runOnlyForDeploymentPostprocessing = 0;
		};
/* End PBXSourcesBuildPhase section */

/* Begin PBXTargetDependency section */
		1EA77F6B1ADF54B500C8099D /* PBXTargetDependency */ = {
			isa = PBXTargetDependency;
			target = 1EA77F4C1ADF54B400C8099D /* TAbbar */;
			targetProxy = 1EA77F6A1ADF54B500C8099D /* PBXContainerItemProxy */;
		};
/* End PBXTargetDependency section */

/* Begin PBXVariantGroup section */
		1EA77F5D1ADF54B400C8099D /* Main.storyboard */ = {
			isa = PBXVariantGroup;
			children = (
				1EA77F5E1ADF54B400C8099D /* Base */,
			);
			name = Main.storyboard;
			sourceTree = "<group>";
		};
		1EA77F621ADF54B400C8099D /* LaunchScreen.xib */ = {
			isa = PBXVariantGroup;
			children = (
				1EA77F631ADF54B400C8099D /* Base */,
			);
			name = LaunchScreen.xib;
			sourceTree = "<group>";
		};
/* End PBXVariantGroup section */

/* Begin XCBuildConfiguration section */
		1EA77F711ADF54B500C8099D /* Debug */ = {
			isa = XCBuildConfiguration;
			buildSettings = {
				ALWAYS_SEARCH_USER_PATHS = NO;
				CLANG_CXX_LANGUAGE_STANDARD = "gnu++0x";
				CLANG_CXX_LIBRARY = "libc++";
				CLANG_ENABLE_MODULES = YES;
				CLANG_ENABLE_OBJC_ARC = YES;
				CLANG_WARN_BOOL_CONVERSION = YES;
				CLANG_WARN_CONSTANT_CONVERSION = YES;
				CLANG_WARN_DIRECT_OBJC_ISA_USAGE = YES_ERROR;
				CLANG_WARN_EMPTY_BODY = YES;
				CLANG_WARN_ENUM_CONVERSION = YES;
				CLANG_WARN_INT_CONVERSION = YES;
				CLANG_WARN_OBJC_ROOT_CLASS = YES_ERROR;
				CLANG_WARN_UNREACHABLE_CODE = YES;
				CLANG_WARN__DUPLICATE_METHOD_MATCH = YES;
				"CODE_SIGN_IDENTITY[sdk=iphoneos*]" = "iPhone Developer";
				COPY_PHASE_STRIP = NO;
				ENABLE_STRICT_OBJC_MSGSEND = YES;
				GCC_C_LANGUAGE_STANDARD = gnu99;
				GCC_DYNAMIC_NO_PIC = NO;
				GCC_OPTIMIZATION_LEVEL = 0;
				GCC_PREPROCESSOR_DEFINITIONS = (
					"DEBUG=1",
					"$(inherited)",
				);
				GCC_SYMBOLS_PRIVATE_EXTERN = NO;
				GCC_WARN_64_TO_32_BIT_CONVERSION = YES;
				GCC_WARN_ABOUT_RETURN_TYPE = YES_ERROR;
				GCC_WARN_UNDECLARED_SELECTOR = YES;
				GCC_WARN_UNINITIALIZED_AUTOS = YES_AGGRESSIVE;
				GCC_WARN_UNUSED_FUNCTION = YES;
				GCC_WARN_UNUSED_VARIABLE = YES;
				IPHONEOS_DEPLOYMENT_TARGET = 8.1;
				MTL_ENABLE_DEBUG_INFO = YES;
				ONLY_ACTIVE_ARCH = YES;
				SDKROOT = iphoneos;
				TARGETED_DEVICE_FAMILY = "1,2";
			};
			name = Debug;
		};
		1EA77F721ADF54B500C8099D /* Release */ = {
			isa = XCBuildConfiguration;
			buildSettings = {
				ALWAYS_SEARCH_USER_PATHS = NO;
				CLANG_CXX_LANGUAGE_STANDARD = "gnu++0x";
				CLANG_CXX_LIBRARY = "libc++";
				CLANG_ENABLE_MODULES = YES;
				CLANG_ENABLE_OBJC_ARC = YES;
				CLANG_WARN_BOOL_CONVERSION = YES;
				CLANG_WARN_CONSTANT_CONVERSION = YES;
				CLANG_WARN_DIRECT_OBJC_ISA_USAGE = YES_ERROR;
				CLANG_WARN_EMPTY_BODY = YES;
				CLANG_WARN_ENUM_CONVERSION = YES;
				CLANG_WARN_INT_CONVERSION = YES;
				CLANG_WARN_OBJC_ROOT_CLASS = YES_ERROR;
				CLANG_WARN_UNREACHABLE_CODE = YES;
				CLANG_WARN__DUPLICATE_METHOD_MATCH = YES;
				"CODE_SIGN_IDENTITY[sdk=iphoneos*]" = "iPhone Developer";
				COPY_PHASE_STRIP = YES;
				ENABLE_NS_ASSERTIONS = NO;
				ENABLE_STRICT_OBJC_MSGSEND = YES;
				GCC_C_LANGUAGE_STANDARD = gnu99;
				GCC_WARN_64_TO_32_BIT_CONVERSION = YES;
				GCC_WARN_ABOUT_RETURN_TYPE = YES_ERROR;
				GCC_WARN_UNDECLARED_SELECTOR = YES;
				GCC_WARN_UNINITIALIZED_AUTOS = YES_AGGRESSIVE;
				GCC_WARN_UNUSED_FUNCTION = YES;
				GCC_WARN_UNUSED_VARIABLE = YES;
				IPHONEOS_DEPLOYMENT_TARGET = 8.1;
				MTL_ENABLE_DEBUG_INFO = NO;
				SDKROOT = iphoneos;
				TARGETED_DEVICE_FAMILY = "1,2";
				VALIDATE_PRODUCT = YES;
			};
			name = Release;
		};
		1EA77F741ADF54B500C8099D /* Debug */ = {
			isa = XCBuildConfiguration;
			buildSettings = {
				ASSETCATALOG_COMPILER_APPICON_NAME = AppIcon;
				INFOPLIST_FILE = TAbbar/Info.plist;
				LD_RUNPATH_SEARCH_PATHS = "$(inherited) @executable_path/Frameworks";
				PRODUCT_NAME = "$(TARGET_NAME)";
			};
			name = Debug;
		};
		1EA77F751ADF54B500C8099D /* Release */ = {
			isa = XCBuildConfiguration;
			buildSettings = {
				ASSETCATALOG_COMPILER_APPICON_NAME = AppIcon;
				INFOPLIST_FILE = TAbbar/Info.plist;
				LD_RUNPATH_SEARCH_PATHS = "$(inherited) @executable_path/Frameworks";
				PRODUCT_NAME = "$(TARGET_NAME)";
			};
			name = Release;
		};
		1EA77F771ADF54B500C8099D /* Debug */ = {
			isa = XCBuildConfiguration;
			buildSettings = {
				BUNDLE_LOADER = "$(TEST_HOST)";
				FRAMEWORK_SEARCH_PATHS = (
					"$(SDKROOT)/Developer/Library/Frameworks",
					"$(inherited)",
				);
				GCC_PREPROCESSOR_DEFINITIONS = (
					"DEBUG=1",
					"$(inherited)",
				);
				INFOPLIST_FILE = TAbbarTests/Info.plist;
				LD_RUNPATH_SEARCH_PATHS = "$(inherited) @executable_path/Frameworks @loader_path/Frameworks";
				PRODUCT_NAME = "$(TARGET_NAME)";
				TEST_HOST = "$(BUILT_PRODUCTS_DIR)/TAbbar.app/TAbbar";
			};
			name = Debug;
		};
		1EA77F781ADF54B500C8099D /* Release */ = {
			isa = XCBuildConfiguration;
			buildSettings = {
				BUNDLE_LOADER = "$(TEST_HOST)";
				FRAMEWORK_SEARCH_PATHS = (
					"$(SDKROOT)/Developer/Library/Frameworks",
					"$(inherited)",
				);
				INFOPLIST_FILE = TAbbarTests/Info.plist;
				LD_RUNPATH_SEARCH_PATHS = "$(inherited) @executable_path/Frameworks @loader_path/Frameworks";
				PRODUCT_NAME = "$(TARGET_NAME)";
				TEST_HOST = "$(BUILT_PRODUCTS_DIR)/TAbbar.app/TAbbar";
			};
			name = Release;
		};
/* End XCBuildConfiguration section */

/* Begin XCConfigurationList section */
		1EA77F481ADF54B400C8099D /* Build configuration list for PBXProject "TAbbar" */ = {
			isa = XCConfigurationList;
			buildConfigurations = (
				1EA77F711ADF54B500C8099D /* Debug */,
				1EA77F721ADF54B500C8099D /* Release */,
			);
			defaultConfigurationIsVisible = 0;
			defaultConfigurationName = Release;
		};
		1EA77F731ADF54B500C8099D /* Build configuration list for PBXNativeTarget "TAbbar" */ = {
			isa = XCConfigurationList;
			buildConfigurations = (
				1EA77F741ADF54B500C8099D /* Debug */,
				1EA77F751ADF54B500C8099D /* Release */,
			);
			defaultConfigurationIsVisible = 0;
		};
		1EA77F761ADF54B500C8099D /* Build configuration list for PBXNativeTarget "TAbbarTests" */ = {
			isa = XCConfigurationList;
			buildConfigurations = (
				1EA77F771ADF54B500C8099D /* Debug */,
				1EA77F781ADF54B500C8099D /* Release */,
			);
			defaultConfigurationIsVisible = 0;
		};
/* End XCConfigurationList section */
	};
	rootObject = 1EA77F451ADF54B400C8099D /* Project object */;
}
